// !$*UTF8*$!
{
	archiveVersion = 1;
	classes = {
	};
	objectVersion = 48;
	objects = {

/* Begin PBXBuildFile section */
		BE91E2FA1FB3C06600EB0A19 /* AppBrand.swift in Sources */ = {isa = PBXBuildFile; fileRef = BE91E2F91FB3C06600EB0A19 /* AppBrand.swift */; };
		BE91E3021FB3C28500EB0A19 /* exercise.json in Resources */ = {isa = PBXBuildFile; fileRef = BE91E3011FB3C28500EB0A19 /* exercise.json */; };
		BE91E3051FB3C2A100EB0A19 /* AccountDetailsModel.swift in Sources */ = {isa = PBXBuildFile; fileRef = BE91E3031FB3C2A100EB0A19 /* AccountDetailsModel.swift */; };
		BE91E30C1FB3C2BC00EB0A19 /* DateExtension.swift in Sources */ = {isa = PBXBuildFile; fileRef = BE91E3091FB3C2BC00EB0A19 /* DateExtension.swift */; };
		BE91E30D1FB3C2BC00EB0A19 /* StringExtension.swift in Sources */ = {isa = PBXBuildFile; fileRef = BE91E30A1FB3C2BC00EB0A19 /* StringExtension.swift */; };
		BE91E30E1FB3C2BC00EB0A19 /* DoubleExtension.swift in Sources */ = {isa = PBXBuildFile; fileRef = BE91E30B1FB3C2BC00EB0A19 /* DoubleExtension.swift */; };
		BE91E3191FB3C2D200EB0A19 /* ReusableView.swift in Sources */ = {isa = PBXBuildFile; fileRef = BE91E3111FB3C2D200EB0A19 /* ReusableView.swift */; };
		BE91E31A1FB3C2D200EB0A19 /* NibLoadableView.swift in Sources */ = {isa = PBXBuildFile; fileRef = BE91E3121FB3C2D200EB0A19 /* NibLoadableView.swift */; };
		BE91E31B1FB3C2D200EB0A19 /* TransactionTableViewHeaderView.swift in Sources */ = {isa = PBXBuildFile; fileRef = BE91E3131FB3C2D200EB0A19 /* TransactionTableViewHeaderView.swift */; };
		BE91E31C1FB3C2D200EB0A19 /* TransactionTableViewCell.xib in Resources */ = {isa = PBXBuildFile; fileRef = BE91E3141FB3C2D200EB0A19 /* TransactionTableViewCell.xib */; };
		BE91E31D1FB3C2D200EB0A19 /* AccountInformationTableViewCell.xib in Resources */ = {isa = PBXBuildFile; fileRef = BE91E3151FB3C2D200EB0A19 /* AccountInformationTableViewCell.xib */; };
		BE91E31E1FB3C2D200EB0A19 /* AccountInformationTableViewCell.swift in Sources */ = {isa = PBXBuildFile; fileRef = BE91E3161FB3C2D200EB0A19 /* AccountInformationTableViewCell.swift */; };
		BE91E31F1FB3C2D200EB0A19 /* TransactionTableViewHeaderView.xib in Resources */ = {isa = PBXBuildFile; fileRef = BE91E3171FB3C2D200EB0A19 /* TransactionTableViewHeaderView.xib */; };
		BE91E3201FB3C2D200EB0A19 /* TransactionTableViewCell.swift in Sources */ = {isa = PBXBuildFile; fileRef = BE91E3181FB3C2D200EB0A19 /* TransactionTableViewCell.swift */; };
		BE91E3221FB3C38D00EB0A19 /* UITableViewExtension.swift in Sources */ = {isa = PBXBuildFile; fileRef = BE91E3211FB3C38D00EB0A19 /* UITableViewExtension.swift */; };
		BE91E3241FB3C94B00EB0A19 /* AccountDetailsService.swift in Sources */ = {isa = PBXBuildFile; fileRef = BE91E3231FB3C94B00EB0A19 /* AccountDetailsService.swift */; };
		BE91E3261FB3C97700EB0A19 /* AccountDetailsViewData.swift in Sources */ = {isa = PBXBuildFile; fileRef = BE91E3251FB3C97700EB0A19 /* AccountDetailsViewData.swift */; };
		BE91E3281FB3C99500EB0A19 /* AccountDetailsTableViewController.swift in Sources */ = {isa = PBXBuildFile; fileRef = BE91E3271FB3C99500EB0A19 /* AccountDetailsTableViewController.swift */; };
		BE91E33D1FB3D75C00EB0A19 /* FormattingExtensionTests.swift in Sources */ = {isa = PBXBuildFile; fileRef = BE91E33C1FB3D75C00EB0A19 /* FormattingExtensionTests.swift */; };
		BEAD75671FABD2800081ADE4 /* AppDelegate.swift in Sources */ = {isa = PBXBuildFile; fileRef = BEAD75661FABD2800081ADE4 /* AppDelegate.swift */; };
		BEAD756C1FABD2800081ADE4 /* Main.storyboard in Resources */ = {isa = PBXBuildFile; fileRef = BEAD756A1FABD2800081ADE4 /* Main.storyboard */; };
		BEAD756E1FABD2800081ADE4 /* Assets.xcassets in Resources */ = {isa = PBXBuildFile; fileRef = BEAD756D1FABD2800081ADE4 /* Assets.xcassets */; };
		BEAD75711FABD2800081ADE4 /* LaunchScreen.storyboard in Resources */ = {isa = PBXBuildFile; fileRef = BEAD756F1FABD2800081ADE4 /* LaunchScreen.storyboard */; };
		BEAD757C1FABD2800081ADE4 /* CBAExerciseTests.swift in Sources */ = {isa = PBXBuildFile; fileRef = BEAD757B1FABD2800081ADE4 /* CBAExerciseTests.swift */; };
/* End PBXBuildFile section */

/* Begin PBXContainerItemProxy section */
		BEAD75781FABD2800081ADE4 /* PBXContainerItemProxy */ = {
			isa = PBXContainerItemProxy;
			containerPortal = BEAD755B1FABD2800081ADE4 /* Project object */;
			proxyType = 1;
			remoteGlobalIDString = BEAD75621FABD2800081ADE4;
			remoteInfo = CBAExercise;
		};
/* End PBXContainerItemProxy section */

/* Begin PBXFileReference section */
		BE91E2F91FB3C06600EB0A19 /* AppBrand.swift */ = {isa = PBXFileReference; lastKnownFileType = sourcecode.swift; path = AppBrand.swift; sourceTree = "<group>"; };
		BE91E3011FB3C28500EB0A19 /* exercise.json */ = {isa = PBXFileReference; fileEncoding = 4; lastKnownFileType = text.json; path = exercise.json; sourceTree = "<group>"; };
		BE91E3031FB3C2A100EB0A19 /* AccountDetailsModel.swift */ = {isa = PBXFileReference; fileEncoding = 4; lastKnownFileType = sourcecode.swift; path = AccountDetailsModel.swift; sourceTree = "<group>"; };
		BE91E3091FB3C2BC00EB0A19 /* DateExtension.swift */ = {isa = PBXFileReference; fileEncoding = 4; lastKnownFileType = sourcecode.swift; path = DateExtension.swift; sourceTree = "<group>"; };
		BE91E30A1FB3C2BC00EB0A19 /* StringExtension.swift */ = {isa = PBXFileReference; fileEncoding = 4; lastKnownFileType = sourcecode.swift; path = StringExtension.swift; sourceTree = "<group>"; };
		BE91E30B1FB3C2BC00EB0A19 /* DoubleExtension.swift */ = {isa = PBXFileReference; fileEncoding = 4; lastKnownFileType = sourcecode.swift; path = DoubleExtension.swift; sourceTree = "<group>"; };
		BE91E3111FB3C2D200EB0A19 /* ReusableView.swift */ = {isa = PBXFileReference; fileEncoding = 4; lastKnownFileType = sourcecode.swift; path = ReusableView.swift; sourceTree = "<group>"; };
		BE91E3121FB3C2D200EB0A19 /* NibLoadableView.swift */ = {isa = PBXFileReference; fileEncoding = 4; lastKnownFileType = sourcecode.swift; path = NibLoadableView.swift; sourceTree = "<group>"; };
		BE91E3131FB3C2D200EB0A19 /* TransactionTableViewHeaderView.swift */ = {isa = PBXFileReference; fileEncoding = 4; lastKnownFileType = sourcecode.swift; path = TransactionTableViewHeaderView.swift; sourceTree = "<group>"; };
		BE91E3141FB3C2D200EB0A19 /* TransactionTableViewCell.xib */ = {isa = PBXFileReference; fileEncoding = 4; lastKnownFileType = file.xib; path = TransactionTableViewCell.xib; sourceTree = "<group>"; };
		BE91E3151FB3C2D200EB0A19 /* AccountInformationTableViewCell.xib */ = {isa = PBXFileReference; fileEncoding = 4; lastKnownFileType = file.xib; path = AccountInformationTableViewCell.xib; sourceTree = "<group>"; };
		BE91E3161FB3C2D200EB0A19 /* AccountInformationTableViewCell.swift */ = {isa = PBXFileReference; fileEncoding = 4; lastKnownFileType = sourcecode.swift; path = AccountInformationTableViewCell.swift; sourceTree = "<group>"; };
		BE91E3171FB3C2D200EB0A19 /* TransactionTableViewHeaderView.xib */ = {isa = PBXFileReference; fileEncoding = 4; lastKnownFileType = file.xib; path = TransactionTableViewHeaderView.xib; sourceTree = "<group>"; };
		BE91E3181FB3C2D200EB0A19 /* TransactionTableViewCell.swift */ = {isa = PBXFileReference; fileEncoding = 4; lastKnownFileType = sourcecode.swift; path = TransactionTableViewCell.swift; sourceTree = "<group>"; };
		BE91E3211FB3C38D00EB0A19 /* UITableViewExtension.swift */ = {isa = PBXFileReference; fileEncoding = 4; lastKnownFileType = sourcecode.swift; path = UITableViewExtension.swift; sourceTree = "<group>"; };
		BE91E3231FB3C94B00EB0A19 /* AccountDetailsService.swift */ = {isa = PBXFileReference; lastKnownFileType = sourcecode.swift; path = AccountDetailsService.swift; sourceTree = "<group>"; };
		BE91E3251FB3C97700EB0A19 /* AccountDetailsViewData.swift */ = {isa = PBXFileReference; lastKnownFileType = sourcecode.swift; path = AccountDetailsViewData.swift; sourceTree = "<group>"; };
		BE91E3271FB3C99500EB0A19 /* AccountDetailsTableViewController.swift */ = {isa = PBXFileReference; lastKnownFileType = sourcecode.swift; path = AccountDetailsTableViewController.swift; sourceTree = "<group>"; };
		BE91E33C1FB3D75C00EB0A19 /* FormattingExtensionTests.swift */ = {isa = PBXFileReference; lastKnownFileType = sourcecode.swift; path = FormattingExtensionTests.swift; sourceTree = "<group>"; };
		BEAD75631FABD2800081ADE4 /* CBAExercise.app */ = {isa = PBXFileReference; explicitFileType = wrapper.application; includeInIndex = 0; path = CBAExercise.app; sourceTree = BUILT_PRODUCTS_DIR; };
		BEAD75661FABD2800081ADE4 /* AppDelegate.swift */ = {isa = PBXFileReference; lastKnownFileType = sourcecode.swift; path = AppDelegate.swift; sourceTree = "<group>"; };
		BEAD756B1FABD2800081ADE4 /* Base */ = {isa = PBXFileReference; lastKnownFileType = file.storyboard; name = Base; path = Base.lproj/Main.storyboard; sourceTree = "<group>"; };
		BEAD756D1FABD2800081ADE4 /* Assets.xcassets */ = {isa = PBXFileReference; lastKnownFileType = folder.assetcatalog; path = Assets.xcassets; sourceTree = "<group>"; };
		BEAD75701FABD2800081ADE4 /* Base */ = {isa = PBXFileReference; lastKnownFileType = file.storyboard; name = Base; path = Base.lproj/LaunchScreen.storyboard; sourceTree = "<group>"; };
		BEAD75721FABD2800081ADE4 /* Info.plist */ = {isa = PBXFileReference; lastKnownFileType = text.plist.xml; path = Info.plist; sourceTree = "<group>"; };
		BEAD75771FABD2800081ADE4 /* CBAExerciseTests.xctest */ = {isa = PBXFileReference; explicitFileType = wrapper.cfbundle; includeInIndex = 0; path = CBAExerciseTests.xctest; sourceTree = BUILT_PRODUCTS_DIR; };
		BEAD757B1FABD2800081ADE4 /* CBAExerciseTests.swift */ = {isa = PBXFileReference; lastKnownFileType = sourcecode.swift; path = CBAExerciseTests.swift; sourceTree = "<group>"; };
		BEAD757D1FABD2800081ADE4 /* Info.plist */ = {isa = PBXFileReference; lastKnownFileType = text.plist.xml; path = Info.plist; sourceTree = "<group>"; };
/* End PBXFileReference section */

/* Begin PBXFrameworksBuildPhase section */
		BEAD75601FABD2800081ADE4 /* Frameworks */ = {
			isa = PBXFrameworksBuildPhase;
			buildActionMask = 2147483647;
			files = (
			);
			runOnlyForDeploymentPostprocessing = 0;
		};
		BEAD75741FABD2800081ADE4 /* Frameworks */ = {
			isa = PBXFrameworksBuildPhase;
			buildActionMask = 2147483647;
			files = (
			);
			runOnlyForDeploymentPostprocessing = 0;
		};
/* End PBXFrameworksBuildPhase section */

/* Begin PBXGroup section */
		BEAD755A1FABD2800081ADE4 = {
			isa = PBXGroup;
			children = (
				BEAD75651FABD2800081ADE4 /* CBAExercise */,
				BEAD757A1FABD2800081ADE4 /* CBAExerciseTests */,
				BEAD75641FABD2800081ADE4 /* Products */,
			);
			sourceTree = "<group>";
		};
		BEAD75641FABD2800081ADE4 /* Products */ = {
			isa = PBXGroup;
			children = (
				BEAD75631FABD2800081ADE4 /* CBAExercise.app */,
				BEAD75771FABD2800081ADE4 /* CBAExerciseTests.xctest */,
			);
			name = Products;
			sourceTree = "<group>";
		};
		BEAD75651FABD2800081ADE4 /* CBAExercise */ = {
			isa = PBXGroup;
			children = (
				BE91E2F91FB3C06600EB0A19 /* AppBrand.swift */,
				BEAD75661FABD2800081ADE4 /* AppDelegate.swift */,
				BEAD756D1FABD2800081ADE4 /* Assets.xcassets */,
				BE91E3011FB3C28500EB0A19 /* exercise.json */,
				BEAD75721FABD2800081ADE4 /* Info.plist */,
				BEAD756F1FABD2800081ADE4 /* LaunchScreen.storyboard */,
				BEAD756A1FABD2800081ADE4 /* Main.storyboard */,
				BEAD758D1FABD4440081ADE4 /* Models */,
				BEAD75AE1FAD1BC20081ADE4 /* Services */,
				BEAD75A31FABE1070081ADE4 /* Utilities */,
				BEAD75861FABD3650081ADE4 /* ViewControllers */,
				BEAD75881FABD37E0081ADE4 /* Views */,
			);
			path = CBAExercise;
			sourceTree = "<group>";
		};
		BEAD757A1FABD2800081ADE4 /* CBAExerciseTests */ = {
			isa = PBXGroup;
			children = (
				BEAD757B1FABD2800081ADE4 /* CBAExerciseTests.swift */,
				BE91E33C1FB3D75C00EB0A19 /* FormattingExtensionTests.swift */,
				BEAD757D1FABD2800081ADE4 /* Info.plist */,
			);
			path = CBAExerciseTests;
			sourceTree = "<group>";
		};
		BEAD75861FABD3650081ADE4 /* ViewControllers */ = {
			isa = PBXGroup;
			children = (
				BE91E3271FB3C99500EB0A19 /* AccountDetailsTableViewController.swift */,
			);
			name = ViewControllers;
			sourceTree = "<group>";
		};
		BEAD75881FABD37E0081ADE4 /* Views */ = {
			isa = PBXGroup;
			children = (
				BE91E3161FB3C2D200EB0A19 /* AccountInformationTableViewCell.swift */,
				BE91E3151FB3C2D200EB0A19 /* AccountInformationTableViewCell.xib */,
				BE91E3121FB3C2D200EB0A19 /* NibLoadableView.swift */,
				BE91E3111FB3C2D200EB0A19 /* ReusableView.swift */,
				BE91E3181FB3C2D200EB0A19 /* TransactionTableViewCell.swift */,
				BE91E3141FB3C2D200EB0A19 /* TransactionTableViewCell.xib */,
				BE91E3131FB3C2D200EB0A19 /* TransactionTableViewHeaderView.swift */,
				BE91E3171FB3C2D200EB0A19 /* TransactionTableViewHeaderView.xib */,
			);
			name = Views;
			sourceTree = "<group>";
		};
		BEAD758D1FABD4440081ADE4 /* Models */ = {
			isa = PBXGroup;
			children = (
				BE91E3031FB3C2A100EB0A19 /* AccountDetailsModel.swift */,
				BE91E3251FB3C97700EB0A19 /* AccountDetailsViewData.swift */,
			);
			name = Models;
			sourceTree = "<group>";
		};
		BEAD75A31FABE1070081ADE4 /* Utilities */ = {
			isa = PBXGroup;
			children = (
				BE91E3211FB3C38D00EB0A19 /* UITableViewExtension.swift */,
				BE91E3091FB3C2BC00EB0A19 /* DateExtension.swift */,
				BE91E30B1FB3C2BC00EB0A19 /* DoubleExtension.swift */,
				BE91E30A1FB3C2BC00EB0A19 /* StringExtension.swift */,
			);
			name = Utilities;
			sourceTree = "<group>";
		};
		BEAD75AE1FAD1BC20081ADE4 /* Services */ = {
			isa = PBXGroup;
			children = (
				BE91E3231FB3C94B00EB0A19 /* AccountDetailsService.swift */,
			);
			name = Services;
			sourceTree = "<group>";
		};
/* End PBXGroup section */

/* Begin PBXNativeTarget section */
		BEAD75621FABD2800081ADE4 /* CBAExercise */ = {
			isa = PBXNativeTarget;
			buildConfigurationList = BEAD75801FABD2800081ADE4 /* Build configuration list for PBXNativeTarget "CBAExercise" */;
			buildPhases = (
				BEAD755F1FABD2800081ADE4 /* Sources */,
				BEAD75601FABD2800081ADE4 /* Frameworks */,
				BEAD75611FABD2800081ADE4 /* Resources */,
			);
			buildRules = (
			);
			dependencies = (
			);
			name = CBAExercise;
			productName = CBAExercise;
			productReference = BEAD75631FABD2800081ADE4 /* CBAExercise.app */;
			productType = "com.apple.product-type.application";
		};
		BEAD75761FABD2800081ADE4 /* CBAExerciseTests */ = {
			isa = PBXNativeTarget;
			buildConfigurationList = BEAD75831FABD2800081ADE4 /* Build configuration list for PBXNativeTarget "CBAExerciseTests" */;
			buildPhases = (
				BEAD75731FABD2800081ADE4 /* Sources */,
				BEAD75741FABD2800081ADE4 /* Frameworks */,
				BEAD75751FABD2800081ADE4 /* Resources */,
			);
			buildRules = (
			);
			dependencies = (
				BEAD75791FABD2800081ADE4 /* PBXTargetDependency */,
			);
			name = CBAExerciseTests;
			productName = CBAExerciseTests;
			productReference = BEAD75771FABD2800081ADE4 /* CBAExerciseTests.xctest */;
			productType = "com.apple.product-type.bundle.unit-test";
		};
/* End PBXNativeTarget section */

/* Begin PBXProject section */
		BEAD755B1FABD2800081ADE4 /* Project object */ = {
			isa = PBXProject;
			attributes = {
				LastSwiftUpdateCheck = 0900;
				LastUpgradeCheck = 0900;
				ORGANIZATIONNAME = "James Horan";
				TargetAttributes = {
					BEAD75621FABD2800081ADE4 = {
						CreatedOnToolsVersion = 9.0.1;
						ProvisioningStyle = Automatic;
					};
					BEAD75761FABD2800081ADE4 = {
						CreatedOnToolsVersion = 9.0.1;
						ProvisioningStyle = Automatic;
						TestTargetID = BEAD75621FABD2800081ADE4;
					};
				};
			};
			buildConfigurationList = BEAD755E1FABD2800081ADE4 /* Build configuration list for PBXProject "CBAExercise" */;
			compatibilityVersion = "Xcode 8.0";
			developmentRegion = en;
			hasScannedForEncodings = 0;
			knownRegions = (
				en,
				Base,
			);
			mainGroup = BEAD755A1FABD2800081ADE4;
			productRefGroup = BEAD75641FABD2800081ADE4 /* Products */;
			projectDirPath = "";
			projectRoot = "";
			targets = (
				BEAD75621FABD2800081ADE4 /* CBAExercise */,
				BEAD75761FABD2800081ADE4 /* CBAExerciseTests */,
			);
		};
/* End PBXProject section */

/* Begin PBXResourcesBuildPhase section */
		BEAD75611FABD2800081ADE4 /* Resources */ = {
			isa = PBXResourcesBuildPhase;
			buildActionMask = 2147483647;
			files = (
				BE91E31C1FB3C2D200EB0A19 /* TransactionTableViewCell.xib in Resources */,
				BEAD75711FABD2800081ADE4 /* LaunchScreen.storyboard in Resources */,
				BE91E31D1FB3C2D200EB0A19 /* AccountInformationTableViewCell.xib in Resources */,
				BE91E3021FB3C28500EB0A19 /* exercise.json in Resources */,
				BEAD756E1FABD2800081ADE4 /* Assets.xcassets in Resources */,
				BE91E31F1FB3C2D200EB0A19 /* TransactionTableViewHeaderView.xib in Resources */,
				BEAD756C1FABD2800081ADE4 /* Main.storyboard in Resources */,
			);
			runOnlyForDeploymentPostprocessing = 0;
		};
		BEAD75751FABD2800081ADE4 /* Resources */ = {
			isa = PBXResourcesBuildPhase;
			buildActionMask = 2147483647;
			files = (
			);
			runOnlyForDeploymentPostprocessing = 0;
		};
/* End PBXResourcesBuildPhase section */

/* Begin PBXSourcesBuildPhase section */
		BEAD755F1FABD2800081ADE4 /* Sources */ = {
			isa = PBXSourcesBuildPhase;
			buildActionMask = 2147483647;
			files = (
				BE91E30E1FB3C2BC00EB0A19 /* DoubleExtension.swift in Sources */,
				BE91E3191FB3C2D200EB0A19 /* ReusableView.swift in Sources */,
				BE91E2FA1FB3C06600EB0A19 /* AppBrand.swift in Sources */,
				BE91E30D1FB3C2BC00EB0A19 /* StringExtension.swift in Sources */,
				BE91E31B1FB3C2D200EB0A19 /* TransactionTableViewHeaderView.swift in Sources */,
				BE91E30C1FB3C2BC00EB0A19 /* DateExtension.swift in Sources */,
				BE91E3241FB3C94B00EB0A19 /* AccountDetailsService.swift in Sources */,
				BE91E3221FB3C38D00EB0A19 /* UITableViewExtension.swift in Sources */,
				BE91E31A1FB3C2D200EB0A19 /* NibLoadableView.swift in Sources */,
				BE91E3261FB3C97700EB0A19 /* AccountDetailsViewData.swift in Sources */,
				BE91E3281FB3C99500EB0A19 /* AccountDetailsTableViewController.swift in Sources */,
				BEAD75671FABD2800081ADE4 /* AppDelegate.swift in Sources */,
				BE91E3201FB3C2D200EB0A19 /* TransactionTableViewCell.swift in Sources */,
				BE91E3051FB3C2A100EB0A19 /* AccountDetailsModel.swift in Sources */,
				BE91E31E1FB3C2D200EB0A19 /* AccountInformationTableViewCell.swift in Sources */,
			);
			runOnlyForDeploymentPostprocessing = 0;
		};
		BEAD75731FABD2800081ADE4 /* Sources */ = {
			isa = PBXSourcesBuildPhase;
			buildActionMask = 2147483647;
			files = (
				BE91E33D1FB3D75C00EB0A19 /* FormattingExtensionTests.swift in Sources */,
				BEAD757C1FABD2800081ADE4 /* CBAExerciseTests.swift in Sources */,
			);
			runOnlyForDeploymentPostprocessing = 0;
		};
/* End PBXSourcesBuildPhase section */

/* Begin PBXTargetDependency section */
		BEAD75791FABD2800081ADE4 /* PBXTargetDependency */ = {
			isa = PBXTargetDependency;
			target = BEAD75621FABD2800081ADE4 /* CBAExercise */;
			targetProxy = BEAD75781FABD2800081ADE4 /* PBXContainerItemProxy */;
		};
/* End PBXTargetDependency section */

/* Begin PBXVariantGroup section */
		BEAD756A1FABD2800081ADE4 /* Main.storyboard */ = {
			isa = PBXVariantGroup;
			children = (
				BEAD756B1FABD2800081ADE4 /* Base */,
			);
			name = Main.storyboard;
			sourceTree = "<group>";
		};
		BEAD756F1FABD2800081ADE4 /* LaunchScreen.storyboard */ = {
			isa = PBXVariantGroup;
			children = (
				BEAD75701FABD2800081ADE4 /* Base */,
			);
			name = LaunchScreen.storyboard;
			sourceTree = "<group>";
		};
/* End PBXVariantGroup section */

/* Begin XCBuildConfiguration section */
		BEAD757E1FABD2800081ADE4 /* Debug */ = {
			isa = XCBuildConfiguration;
			buildSettings = {
				ALWAYS_SEARCH_USER_PATHS = NO;
				CLANG_ANALYZER_NONNULL = YES;
				CLANG_ANALYZER_NUMBER_OBJECT_CONVERSION = YES_AGGRESSIVE;
				CLANG_CXX_LANGUAGE_STANDARD = "gnu++14";
				CLANG_CXX_LIBRARY = "libc++";
				CLANG_ENABLE_MODULES = YES;
				CLANG_ENABLE_OBJC_ARC = YES;
				CLANG_WARN_BLOCK_CAPTURE_AUTORELEASING = YES;
				CLANG_WARN_BOOL_CONVERSION = YES;
				CLANG_WARN_COMMA = YES;
				CLANG_WARN_CONSTANT_CONVERSION = YES;
				CLANG_WARN_DIRECT_OBJC_ISA_USAGE = YES_ERROR;
				CLANG_WARN_DOCUMENTATION_COMMENTS = YES;
				CLANG_WARN_EMPTY_BODY = YES;
				CLANG_WARN_ENUM_CONVERSION = YES;
				CLANG_WARN_INFINITE_RECURSION = YES;
				CLANG_WARN_INT_CONVERSION = YES;
				CLANG_WARN_NON_LITERAL_NULL_CONVERSION = YES;
				CLANG_WARN_OBJC_LITERAL_CONVERSION = YES;
				CLANG_WARN_OBJC_ROOT_CLASS = YES_ERROR;
				CLANG_WARN_RANGE_LOOP_ANALYSIS = YES;
				CLANG_WARN_STRICT_PROTOTYPES = YES;
				CLANG_WARN_SUSPICIOUS_MOVE = YES;
				CLANG_WARN_UNGUARDED_AVAILABILITY = YES_AGGRESSIVE;
				CLANG_WARN_UNREACHABLE_CODE = YES;
				CLANG_WARN__DUPLICATE_METHOD_MATCH = YES;
				CODE_SIGN_IDENTITY = "iPhone Developer";
				COPY_PHASE_STRIP = NO;
				DEBUG_INFORMATION_FORMAT = dwarf;
				ENABLE_STRICT_OBJC_MSGSEND = YES;
				ENABLE_TESTABILITY = YES;
				GCC_C_LANGUAGE_STANDARD = gnu11;
				GCC_DYNAMIC_NO_PIC = NO;
				GCC_NO_COMMON_BLOCKS = YES;
				GCC_OPTIMIZATION_LEVEL = 0;
				GCC_PREPROCESSOR_DEFINITIONS = (
					"DEBUG=1",
					"$(inherited)",
				);
				GCC_WARN_64_TO_32_BIT_CONVERSION = YES;
				GCC_WARN_ABOUT_RETURN_TYPE = YES_ERROR;
				GCC_WARN_UNDECLARED_SELECTOR = YES;
				GCC_WARN_UNINITIALIZED_AUTOS = YES_AGGRESSIVE;
				GCC_WARN_UNUSED_FUNCTION = YES;
				GCC_WARN_UNUSED_VARIABLE = YES;
				IPHONEOS_DEPLOYMENT_TARGET = 11.0;
				MTL_ENABLE_DEBUG_INFO = YES;
				ONLY_ACTIVE_ARCH = YES;
				SDKROOT = iphoneos;
				SWIFT_ACTIVE_COMPILATION_CONDITIONS = DEBUG;
				SWIFT_OPTIMIZATION_LEVEL = "-Onone";
			};
			name = Debug;
		};
		BEAD757F1FABD2800081ADE4 /* Release */ = {
			isa = XCBuildConfiguration;
			buildSettings = {
				ALWAYS_SEARCH_USER_PATHS = NO;
				CLANG_ANALYZER_NONNULL = YES;
				CLANG_ANALYZER_NUMBER_OBJECT_CONVERSION = YES_AGGRESSIVE;
				CLANG_CXX_LANGUAGE_STANDARD = "gnu++14";
				CLANG_CXX_LIBRARY = "libc++";
				CLANG_ENABLE_MODULES = YES;
				CLANG_ENABLE_OBJC_ARC = YES;
				CLANG_WARN_BLOCK_CAPTURE_AUTORELEASING = YES;
				CLANG_WARN_BOOL_CONVERSION = YES;
				CLANG_WARN_COMMA = YES;
				CLANG_WARN_CONSTANT_CONVERSION = YES;
				CLANG_WARN_DIRECT_OBJC_ISA_USAGE = YES_ERROR;
				CLANG_WARN_DOCUMENTATION_COMMENTS = YES;
				CLANG_WARN_EMPTY_BODY = YES;
				CLANG_WARN_ENUM_CONVERSION = YES;
				CLANG_WARN_INFINITE_RECURSION = YES;
				CLANG_WARN_INT_CONVERSION = YES;
				CLANG_WARN_NON_LITERAL_NULL_CONVERSION = YES;
				CLANG_WARN_OBJC_LITERAL_CONVERSION = YES;
				CLANG_WARN_OBJC_ROOT_CLASS = YES_ERROR;
				CLANG_WARN_RANGE_LOOP_ANALYSIS = YES;
				CLANG_WARN_STRICT_PROTOTYPES = YES;
				CLANG_WARN_SUSPICIOUS_MOVE = YES;
				CLANG_WARN_UNGUARDED_AVAILABILITY = YES_AGGRESSIVE;
				CLANG_WARN_UNREACHABLE_CODE = YES;
				CLANG_WARN__DUPLICATE_METHOD_MATCH = YES;
				CODE_SIGN_IDENTITY = "iPhone Developer";
				COPY_PHASE_STRIP = NO;
				DEBUG_INFORMATION_FORMAT = "dwarf-with-dsym";
				ENABLE_NS_ASSERTIONS = NO;
				ENABLE_STRICT_OBJC_MSGSEND = YES;
				GCC_C_LANGUAGE_STANDARD = gnu11;
				GCC_NO_COMMON_BLOCKS = YES;
				GCC_WARN_64_TO_32_BIT_CONVERSION = YES;
				GCC_WARN_ABOUT_RETURN_TYPE = YES_ERROR;
				GCC_WARN_UNDECLARED_SELECTOR = YES;
				GCC_WARN_UNINITIALIZED_AUTOS = YES_AGGRESSIVE;
				GCC_WARN_UNUSED_FUNCTION = YES;
				GCC_WARN_UNUSED_VARIABLE = YES;
				IPHONEOS_DEPLOYMENT_TARGET = 11.0;
				MTL_ENABLE_DEBUG_INFO = NO;
				SDKROOT = iphoneos;
				SWIFT_OPTIMIZATION_LEVEL = "-Owholemodule";
				VALIDATE_PRODUCT = YES;
			};
			name = Release;
		};
		BEAD75811FABD2800081ADE4 /* Debug */ = {
			isa = XCBuildConfiguration;
			buildSettings = {
				ASSETCATALOG_COMPILER_APPICON_NAME = AppIcon;
				CODE_SIGN_STYLE = Automatic;
				INFOPLIST_FILE = CBAExercise/Info.plist;
				LD_RUNPATH_SEARCH_PATHS = "$(inherited) @executable_path/Frameworks";
				PRODUCT_BUNDLE_IDENTIFIER = com.jameshoran.cbaexercise.CBAExercise;
				PRODUCT_NAME = "$(TARGET_NAME)";
				SWIFT_VERSION = 4.0;
				TARGETED_DEVICE_FAMILY = "1,2";
			};
			name = Debug;
		};
		BEAD75821FABD2800081ADE4 /* Release */ = {
			isa = XCBuildConfiguration;
			buildSettings = {
				ASSETCATALOG_COMPILER_APPICON_NAME = AppIcon;
				CODE_SIGN_STYLE = Automatic;
				INFOPLIST_FILE = CBAExercise/Info.plist;
				LD_RUNPATH_SEARCH_PATHS = "$(inherited) @executable_path/Frameworks";
				PRODUCT_BUNDLE_IDENTIFIER = com.jameshoran.cbaexercise.CBAExercise;
				PRODUCT_NAME = "$(TARGET_NAME)";
				SWIFT_VERSION = 4.0;
				TARGETED_DEVICE_FAMILY = "1,2";
			};
			name = Release;
		};
		BEAD75841FABD2800081ADE4 /* Debug */ = {
			isa = XCBuildConfiguration;
			buildSettings = {
				ALWAYS_EMBED_SWIFT_STANDARD_LIBRARIES = YES;
				BUNDLE_LOADER = "$(TEST_HOST)";
				CODE_SIGN_STYLE = Automatic;
				INFOPLIST_FILE = CBAExerciseTests/Info.plist;
				LD_RUNPATH_SEARCH_PATHS = "$(inherited) @executable_path/Frameworks @loader_path/Frameworks";
				PRODUCT_BUNDLE_IDENTIFIER = com.jameshoran.cbaexercise.CBAExerciseTests;
				PRODUCT_NAME = "$(TARGET_NAME)";
				SWIFT_VERSION = 4.0;
				TARGETED_DEVICE_FAMILY = "1,2";
				TEST_HOST = "$(BUILT_PRODUCTS_DIR)/CBAExercise.app/CBAExercise";
			};
			name = Debug;
		};
		BEAD75851FABD2800081ADE4 /* Release */ = {
			isa = XCBuildConfiguration;
			buildSettings = {
				ALWAYS_EMBED_SWIFT_STANDARD_LIBRARIES = YES;
				BUNDLE_LOADER = "$(TEST_HOST)";
				CODE_SIGN_STYLE = Automatic;
				INFOPLIST_FILE = CBAExerciseTests/Info.plist;
				LD_RUNPATH_SEARCH_PATHS = "$(inherited) @executable_path/Frameworks @loader_path/Frameworks";
				PRODUCT_BUNDLE_IDENTIFIER = com.jameshoran.cbaexercise.CBAExerciseTests;
				PRODUCT_NAME = "$(TARGET_NAME)";
				SWIFT_VERSION = 4.0;
				TARGETED_DEVICE_FAMILY = "1,2";
				TEST_HOST = "$(BUILT_PRODUCTS_DIR)/CBAExercise.app/CBAExercise";
			};
			name = Release;
		};
/* End XCBuildConfiguration section */

/* Begin XCConfigurationList section */
		BEAD755E1FABD2800081ADE4 /* Build configuration list for PBXProject "CBAExercise" */ = {
			isa = XCConfigurationList;
			buildConfigurations = (
				BEAD757E1FABD2800081ADE4 /* Debug */,
				BEAD757F1FABD2800081ADE4 /* Release */,
			);
			defaultConfigurationIsVisible = 0;
			defaultConfigurationName = Release;
		};
		BEAD75801FABD2800081ADE4 /* Build configuration list for PBXNativeTarget "CBAExercise" */ = {
			isa = XCConfigurationList;
			buildConfigurations = (
				BEAD75811FABD2800081ADE4 /* Debug */,
				BEAD75821FABD2800081ADE4 /* Release */,
			);
			defaultConfigurationIsVisible = 0;
			defaultConfigurationName = Release;
		};
		BEAD75831FABD2800081ADE4 /* Build configuration list for PBXNativeTarget "CBAExerciseTests" */ = {
			isa = XCConfigurationList;
			buildConfigurations = (
				BEAD75841FABD2800081ADE4 /* Debug */,
				BEAD75851FABD2800081ADE4 /* Release */,
			);
			defaultConfigurationIsVisible = 0;
			defaultConfigurationName = Release;
		};
/* End XCConfigurationList section */
	};
	rootObject = BEAD755B1FABD2800081ADE4 /* Project object */;
}
